
Microsoft Visual Studio Solution File, Format Version 12.00
# Visual Studio Version 16
VisualStudioVersion = 16.0.29102.190
MinimumVisualStudioVersion = 10.0.40219.1
Project("{2150E333-8FDC-42A3-9474-1A3956D46DE8}") = "src", "src", "{A603BBF1-978C-4B6B-93FA-EF9743DC5DD6}"
EndProject
Project("{9A19103F-16F7-4668-BE54-9A1E7A4F7556}") = "Kata.BankOcr.Console", "src\Kata.BankOcr.Console\Kata.BankOcr.Console.csproj", "{65D658C3-5CDA-4D77-9568-87E4F877DE50}"
EndProject
Project("{9A19103F-16F7-4668-BE54-9A1E7A4F7556}") = "Kata.BankOcr.Core", "src\Kata.BankOcr.Core\Kata.BankOcr.Core.csproj", "{CC5F38B3-1876-4E62-95E2-6AE2DEC719FF}"
EndProject
Project("{2150E333-8FDC-42A3-9474-1A3956D46DE8}") = "test", "test", "{5B54D9DC-2466-4AF9-A434-0AAD1BD7EA74}"
EndProject
Project("{9A19103F-16F7-4668-BE54-9A1E7A4F7556}") = "Kata.BankOcr.Core.Tests", "test\Kata.BankOcr.Core.Tests\Kata.BankOcr.Core.Tests.csproj", "{C546E750-4728-4541-9F00-B7611CDF6262}"
EndProject
Project("{2150E333-8FDC-42A3-9474-1A3956D46DE8}") = "Solution Items", "Solution Items", "{E19C8537-C203-4C73-88E5-6248D9D759EA}"
	ProjectSection(SolutionItems) = preProject
		README.md = README.md
	EndProjectSection
EndProject
Global
	GlobalSection(SolutionConfigurationPlatforms) = preSolution
		Debug|Any CPU = Debug|Any CPU
		Release|Any CPU = Release|Any CPU
	EndGlobalSection
	GlobalSection(ProjectConfigurationPlatforms) = postSolution
		{65D658C3-5CDA-4D77-9568-87E4F877DE50}.Debug|Any CPU.ActiveCfg = Debug|Any CPU
		{65D658C3-5CDA-4D77-9568-87E4F877DE50}.Debug|Any CPU.Build.0 = Debug|Any CPU
		{65D658C3-5CDA-4D77-9568-87E4F877DE50}.Release|Any CPU.ActiveCfg = Release|Any CPU
		{65D658C3-5CDA-4D77-9568-87E4F877DE50}.Release|Any CPU.Build.0 = Release|Any CPU
		{CC5F38B3-1876-4E62-95E2-6AE2DEC719FF}.Debug|Any CPU.ActiveCfg = Debug|Any CPU
		{CC5F38B3-1876-4E62-95E2-6AE2DEC719FF}.Debug|Any CPU.Build.0 = Debug|Any CPU
		{CC5F38B3-1876-4E62-95E2-6AE2DEC719FF}.Release|Any CPU.ActiveCfg = Release|Any CPU
		{CC5F38B3-1876-4E62-95E2-6AE2DEC719FF}.Release|Any CPU.Build.0 = Release|Any CPU
		{C546E750-4728-4541-9F00-B7611CDF6262}.Debug|Any CPU.ActiveCfg = Debug|Any CPU
		{C546E750-4728-4541-9F00-B7611CDF6262}.Debug|Any CPU.Build.0 = Debug|Any CPU
		{C546E750-4728-4541-9F00-B7611CDF6262}.Release|Any CPU.ActiveCfg = Release|Any CPU
		{C546E750-4728-4541-9F00-B7611CDF6262}.Release|Any CPU.Build.0 = Release|Any CPU
	EndGlobalSection
	GlobalSection(SolutionProperties) = preSolution
		HideSolutionNode = FALSE
	EndGlobalSection
	GlobalSection(NestedProjects) = preSolution
		{65D658C3-5CDA-4D77-9568-87E4F877DE50} = {A603BBF1-978C-4B6B-93FA-EF9743DC5DD6}
		{CC5F38B3-1876-4E62-95E2-6AE2DEC719FF} = {A603BBF1-978C-4B6B-93FA-EF9743DC5DD6}
		{C546E750-4728-4541-9F00-B7611CDF6262} = {5B54D9DC-2466-4AF9-A434-0AAD1BD7EA74}
	EndGlobalSection
	GlobalSection(ExtensibilityGlobals) = postSolution
		SolutionGuid = {939811DF-D845-424A-B50A-365788DAE67D}
	EndGlobalSection
EndGlobal
